<?xml version="1.0" encoding="utf-8"?>
<Project ToolsVersion="4.0" xmlns="http://schemas.microsoft.com/developer/msbuild/2003">
  <ItemGroup>
    <Filter Include="Game">
      <UniqueIdentifier>{9173a7e4-357b-4fa0-a31a-cf564dbf618a}</UniqueIdentifier>
      <Extensions>cpp;c;cxx;rc;def;r;odl;idl;hpj;bat</Extensions>
    </Filter>
    <Filter Include="Game\weapons &amp; projectiles">
      <UniqueIdentifier>{63c6d084-ff6c-481c-a36c-7fa5e4d327ea}</UniqueIdentifier>
    </Filter>
    <Filter Include="Game\weapons &amp; projectiles\weapons">
      <UniqueIdentifier>{4f55601e-3f95-4a33-9463-dbfa76caa814}</UniqueIdentifier>
    </Filter>
    <Filter Include="Game\weapons &amp; projectiles\projectiles">
      <UniqueIdentifier>{3ab4e33c-b26e-4e87-8813-6cfe1eeb7936}</UniqueIdentifier>
    </Filter>
    <Filter Include="Game\Base entity classes">
      <UniqueIdentifier>{3bde9d94-6adf-4e69-ad67-21f769efdd62}</UniqueIdentifier>
    </Filter>
    <Filter Include="Game\Script related">
      <UniqueIdentifier>{77b75852-1b69-4158-a8bf-d72cfd4bb81b}</UniqueIdentifier>
    </Filter>
    <Filter Include="Game\Script related\general">
      <UniqueIdentifier>{2ea3f12e-9030-45e2-996e-368ae43b4a83}</UniqueIdentifier>
    </Filter>
    <Filter Include="Game\Script related\lua headers">
      <UniqueIdentifier>{0f3486a6-e019-4b64-aa46-9b9d19a1ffa3}</UniqueIdentifier>
    </Filter>
    <Filter Include="Game\misc">
      <UniqueIdentifier>{b41f1225-b231-452d-ab46-b9cceee88a81}</UniqueIdentifier>
    </Filter>
    <Filter Include="Resource Files">
      <UniqueIdentifier>{11626c95-2927-43b3-91d5-6953e76d71bb}</UniqueIdentifier>
    </Filter>
    <Filter Include="Resource Files\maps">
      <UniqueIdentifier>{0a76cd51-34ec-412a-aa01-d9cc3c5f77d7}</UniqueIdentifier>
    </Filter>
    <Filter Include="AI">
      <UniqueIdentifier>{acb59a31-49e7-4766-a28d-6b274dcbbab4}</UniqueIdentifier>
    </Filter>
    <Filter Include="AI\goals">
      <UniqueIdentifier>{849526ce-daaa-4830-a921-d6b9b9a22b79}</UniqueIdentifier>
    </Filter>
    <Filter Include="AI\goals\composite">
      <UniqueIdentifier>{8ae356d0-bc70-4ffb-8225-9ae250819ddb}</UniqueIdentifier>
    </Filter>
    <Filter Include="AI\goals\goal evaluation">
      <UniqueIdentifier>{cec34091-9a26-4508-af27-39c1ae3840e4}</UniqueIdentifier>
    </Filter>
    <Filter Include="AI\goals\atomic">
      <UniqueIdentifier>{c7c12cf2-0560-4713-bd54-4dd717f46564}</UniqueIdentifier>
    </Filter>
    <Filter Include="AI\fuzzy logic">
      <UniqueIdentifier>{eea047be-68e9-468a-9854-387926af3e83}</UniqueIdentifier>
    </Filter>
    <Filter Include="AI\fuzzy logic\fuzzy set types">
      <UniqueIdentifier>{9ac9e0be-4107-4236-a26a-fc7489a588eb}</UniqueIdentifier>
    </Filter>
    <Filter Include="AI\Movement &amp; Navigation">
      <UniqueIdentifier>{d7fc581a-1144-4d32-9870-722c21c5ae32}</UniqueIdentifier>
    </Filter>
    <Filter Include="AI\Messaging">
      <UniqueIdentifier>{3bdd6648-bbe0-4048-83e5-e0d35a908706}</UniqueIdentifier>
    </Filter>
    <Filter Include="AI\Sensory Memory">
      <UniqueIdentifier>{87c399b2-41c5-4646-8be9-6f9538cf2d3d}</UniqueIdentifier>
    </Filter>
    <Filter Include="AI\Triggers">
      <UniqueIdentifier>{882cc84b-144c-433d-a64a-e875916c3ac3}</UniqueIdentifier>
    </Filter>
    <Filter Include="AI\Weapon Handling">
      <UniqueIdentifier>{66e3af0e-3f55-4113-98df-06a6c3b88c26}</UniqueIdentifier>
    </Filter>
    <Filter Include="AI\Target Selection">
      <UniqueIdentifier>{3832b5fa-29fe-4b2c-a1e1-3e33bfcb5d8f}</UniqueIdentifier>
    </Filter>
    <Filter Include="Common">
      <UniqueIdentifier>{54d556c6-26f2-47dc-b398-b5250d554f87}</UniqueIdentifier>
    </Filter>
  </ItemGroup>
  <ItemGroup>
    <ClCompile Include="armory\Raven_Weapon.cpp">
      <Filter>Game\weapons &amp; projectiles\weapons</Filter>
    </ClCompile>
    <ClCompile Include="armory\Weapon_Blaster.cpp">
      <Filter>Game\weapons &amp; projectiles\weapons</Filter>
    </ClCompile>
    <ClCompile Include="armory\Weapon_RailGun.cpp">
      <Filter>Game\weapons &amp; projectiles\weapons</Filter>
    </ClCompile>
    <ClCompile Include="armory\Weapon_RocketLauncher.cpp">
      <Filter>Game\weapons &amp; projectiles\weapons</Filter>
    </ClCompile>
    <ClCompile Include="armory\Weapon_ShotGun.cpp">
      <Filter>Game\weapons &amp; projectiles\weapons</Filter>
    </ClCompile>
    <ClCompile Include="armory\Projectile_Bolt.cpp">
      <Filter>Game\weapons &amp; projectiles\projectiles</Filter>
    </ClCompile>
    <ClCompile Include="armory\Projectile_Pellet.cpp">
      <Filter>Game\weapons &amp; projectiles\projectiles</Filter>
    </ClCompile>
    <ClCompile Include="armory\Projectile_Rocket.cpp">
      <Filter>Game\weapons &amp; projectiles\projectiles</Filter>
    </ClCompile>
    <ClCompile Include="armory\Projectile_Slug.cpp">
      <Filter>Game\weapons &amp; projectiles\projectiles</Filter>
    </ClCompile>
    <ClCompile Include="armory\Raven_Projectile.cpp">
      <Filter>Game\weapons &amp; projectiles\projectiles</Filter>
    </ClCompile>
    <ClCompile Include="..\Common\Game\BaseGameEntity.cpp">
      <Filter>Game\Base entity classes</Filter>
    </ClCompile>
    <ClCompile Include="lua\Raven_Scriptor.cpp">
      <Filter>Game\Script related\general</Filter>
    </ClCompile>
    <ClCompile Include="..\Common\Game\EntityManager.cpp">
      <Filter>Game\misc</Filter>
    </ClCompile>
    <ClCompile Include="GraveMarkers.cpp">
      <Filter>Game\misc</Filter>
    </ClCompile>
    <ClCompile Include="Raven_Door.cpp">
      <Filter>Game\misc</Filter>
    </ClCompile>
    <ClCompile Include="Raven_UserOptions.cpp">
      <Filter>Game\misc</Filter>
    </ClCompile>
    <ClCompile Include="main.cpp">
      <Filter>Game</Filter>
    </ClCompile>
    <ClCompile Include="Raven_Bot.cpp">
      <Filter>Game</Filter>
    </ClCompile>
    <ClCompile Include="Raven_Game.cpp">
      <Filter>Game</Filter>
    </ClCompile>
    <ClCompile Include="Raven_Map.cpp">
      <Filter>Game</Filter>
    </ClCompile>
    <ClCompile Include="goals\Goal_AdjustRange.cpp">
      <Filter>AI\goals\composite</Filter>
    </ClCompile>
    <ClCompile Include="goals\Goal_AttackTarget.cpp">
      <Filter>AI\goals\composite</Filter>
    </ClCompile>
    <ClCompile Include="goals\Goal_Explore.cpp">
      <Filter>AI\goals\composite</Filter>
    </ClCompile>
    <ClCompile Include="goals\Goal_FollowPath.cpp">
      <Filter>AI\goals\composite</Filter>
    </ClCompile>
    <ClCompile Include="goals\Goal_GetItem.cpp">
      <Filter>AI\goals\composite</Filter>
    </ClCompile>
    <ClCompile Include="goals\Goal_HuntTarget.cpp">
      <Filter>AI\goals\composite</Filter>
    </ClCompile>
    <ClCompile Include="goals\Goal_MoveToPosition.cpp">
      <Filter>AI\goals\composite</Filter>
    </ClCompile>
    <ClCompile Include="goals\Goal_NegotiateDoor.cpp">
      <Filter>AI\goals\composite</Filter>
    </ClCompile>
    <ClCompile Include="goals\Goal_Think.cpp">
      <Filter>AI\goals\composite</Filter>
    </ClCompile>
    <ClCompile Include="goals\AttackTargetGoal_Evaluator.cpp">
      <Filter>AI\goals\goal evaluation</Filter>
    </ClCompile>
    <ClCompile Include="goals\ExploreGoal_Evaluator.cpp">
      <Filter>AI\goals\goal evaluation</Filter>
    </ClCompile>
    <ClCompile Include="goals\GetHealthGoal_Evaluator.cpp">
      <Filter>AI\goals\goal evaluation</Filter>
    </ClCompile>
    <ClCompile Include="goals\GetWeaponGoal_Evaluator.cpp">
      <Filter>AI\goals\goal evaluation</Filter>
    </ClCompile>
    <ClCompile Include="goals\Raven_Feature.cpp">
      <Filter>AI\goals\goal evaluation</Filter>
    </ClCompile>
    <ClCompile Include="goals\Goal_DodgeSideToSide.cpp">
      <Filter>AI\goals\atomic</Filter>
    </ClCompile>
    <ClCompile Include="goals\Goal_SayPhrase.cpp">
      <Filter>AI\goals\atomic</Filter>
    </ClCompile>
    <ClCompile Include="goals\Goal_SeekToPosition.cpp">
      <Filter>AI\goals\atomic</Filter>
    </ClCompile>
    <ClCompile Include="goals\Goal_TraverseEdge.cpp">
      <Filter>AI\goals\atomic</Filter>
    </ClCompile>
    <ClCompile Include="goals\Goal_Wander.cpp">
      <Filter>AI\goals\atomic</Filter>
    </ClCompile>
    <ClCompile Include="goals\Raven_Goal_Types.cpp">
      <Filter>AI\goals</Filter>
    </ClCompile>
    <ClCompile Include="..\Common\fuzzy\FuzzySet_LeftShoulder.cpp">
      <Filter>AI\fuzzy logic\fuzzy set types</Filter>
    </ClCompile>
    <ClCompile Include="..\Common\fuzzy\FuzzySet_RightShoulder.cpp">
      <Filter>AI\fuzzy logic\fuzzy set types</Filter>
    </ClCompile>
    <ClCompile Include="..\Common\fuzzy\FuzzySet_Singleton.cpp">
      <Filter>AI\fuzzy logic\fuzzy set types</Filter>
    </ClCompile>
    <ClCompile Include="..\Common\fuzzy\FuzzySet_Triangle.cpp">
      <Filter>AI\fuzzy logic\fuzzy set types</Filter>
    </ClCompile>
    <ClCompile Include="..\Common\fuzzy\FuzzyModule.cpp">
      <Filter>AI\fuzzy logic</Filter>
    </ClCompile>
    <ClCompile Include="..\Common\fuzzy\FuzzyOperators.cpp">
      <Filter>AI\fuzzy logic</Filter>
    </ClCompile>
    <ClCompile Include="..\Common\fuzzy\FuzzyVariable.cpp">
      <Filter>AI\fuzzy logic</Filter>
    </ClCompile>
    <ClCompile Include="navigation\Raven_PathPlanner.cpp">
      <Filter>AI\Movement &amp; Navigation</Filter>
    </ClCompile>
    <ClCompile Include="Raven_SteeringBehaviors.cpp">
      <Filter>AI\Movement &amp; Navigation</Filter>
    </ClCompile>
    <ClCompile Include="..\Common\Messaging\MessageDispatcher.cpp">
      <Filter>AI\Messaging</Filter>
    </ClCompile>
    <ClCompile Include="Raven_SensoryMemory.cpp">
      <Filter>AI\Sensory Memory</Filter>
    </ClCompile>
    <ClCompile Include="triggers\Trigger_HealthGiver.cpp">
      <Filter>AI\Triggers</Filter>
    </ClCompile>
    <ClCompile Include="triggers\Trigger_SoundNotify.cpp">
      <Filter>AI\Triggers</Filter>
    </ClCompile>
    <ClCompile Include="triggers\Trigger_WeaponGiver.cpp">
      <Filter>AI\Triggers</Filter>
    </ClCompile>
    <ClCompile Include="Raven_WeaponSystem.cpp">
      <Filter>AI\Weapon Handling</Filter>
    </ClCompile>
    <ClCompile Include="Raven_TargetingSystem.cpp">
      <Filter>AI\Target Selection</Filter>
    </ClCompile>
    <ClCompile Include="..\Common\misc\Cgdi.cpp">
      <Filter>Common</Filter>
    </ClCompile>
    <ClCompile Include="..\Common\Time\CrudeTimer.cpp">
      <Filter>Common</Filter>
    </ClCompile>
    <ClCompile Include="..\Common\Debug\DebugConsole.cpp">
      <Filter>Common</Filter>
    </ClCompile>
    <ClCompile Include="..\Common\misc\FrameCounter.cpp">
      <Filter>Common</Filter>
    </ClCompile>
    <ClCompile Include="..\Common\Time\PrecisionTimer.cpp">
      <Filter>Common</Filter>
    </ClCompile>
    <ClCompile Include="..\Common\2D\Vector2d.cpp">
      <Filter>Common</Filter>
    </ClCompile>
    <ClCompile Include="..\Common\misc\WindowUtils.cpp">
      <Filter>Common</Filter>
    </ClCompile>
  </ItemGroup>
  <ItemGroup>
    <ClInclude Include="armory\Raven_Weapon.h">
      <Filter>Game\weapons &amp; projectiles\weapons</Filter>
    </ClInclude>
    <ClInclude Include="armory\Weapon_Blaster.h">
      <Filter>Game\weapons &amp; projectiles\weapons</Filter>
    </ClInclude>
    <ClInclude Include="armory\Weapon_RailGun.h">
      <Filter>Game\weapons &amp; projectiles\weapons</Filter>
    </ClInclude>
    <ClInclude Include="armory\Weapon_RocketLauncher.h">
      <Filter>Game\weapons &amp; projectiles\weapons</Filter>
    </ClInclude>
    <ClInclude Include="armory\Weapon_ShotGun.h">
      <Filter>Game\weapons &amp; projectiles\weapons</Filter>
    </ClInclude>
    <ClInclude Include="armory\Projectile_Bolt.h">
      <Filter>Game\weapons &amp; projectiles\projectiles</Filter>
    </ClInclude>
    <ClInclude Include="armory\Projectile_Pellet.h">
      <Filter>Game\weapons &amp; projectiles\projectiles</Filter>
    </ClInclude>
    <ClInclude Include="armory\Projectile_Rocket.h">
      <Filter>Game\weapons &amp; projectiles\projectiles</Filter>
    </ClInclude>
    <ClInclude Include="armory\Projectile_Slug.h">
      <Filter>Game\weapons &amp; projectiles\projectiles</Filter>
    </ClInclude>
    <ClInclude Include="armory\Raven_Projectile.h">
      <Filter>Game\weapons &amp; projectiles\projectiles</Filter>
    </ClInclude>
    <ClInclude Include="..\Common\Game\BaseGameEntity.h">
      <Filter>Game\Base entity classes</Filter>
    </ClInclude>
    <ClInclude Include="..\Common\Game\EntityFunctionTemplates.h">
      <Filter>Game\Base entity classes</Filter>
    </ClInclude>
    <ClInclude Include="..\Common\Game\MovingEntity.h">
      <Filter>Game\Base entity classes</Filter>
    </ClInclude>
    <ClInclude Include="lua\Raven_Scriptor.h">
      <Filter>Game\Script related\general</Filter>
    </ClInclude>
    <ClInclude Include="..\Common\script\Scriptor.h">
      <Filter>Game\Script related\general</Filter>
    </ClInclude>
    <ClInclude Include="..\Common\lua-5.0\include\lauxlib.h">
      <Filter>Game\Script related\lua headers</Filter>
    </ClInclude>
    <ClInclude Include="..\Common\lua-5.0\include\lua.h">
      <Filter>Game\Script related\lua headers</Filter>
    </ClInclude>
    <ClInclude Include="..\Common\lua-5.0\include\LuaHelperFunctions.h">
      <Filter>Game\Script related\lua headers</Filter>
    </ClInclude>
    <ClInclude Include="..\Common\lua-5.0\include\lualib.h">
      <Filter>Game\Script related\lua headers</Filter>
    </ClInclude>
    <ClInclude Include="constants.h">
      <Filter>Game\misc</Filter>
    </ClInclude>
    <ClInclude Include="..\Common\Game\EntityManager.h">
      <Filter>Game\misc</Filter>
    </ClInclude>
    <ClInclude Include="GraveMarkers.h">
      <Filter>Game\misc</Filter>
    </ClInclude>
    <ClInclude Include="Raven_Door.h">
      <Filter>Game\misc</Filter>
    </ClInclude>
    <ClInclude Include="Raven_ObjectEnumerations.h">
      <Filter>Game\misc</Filter>
    </ClInclude>
    <ClInclude Include="Raven_UserOptions.h">
      <Filter>Game\misc</Filter>
    </ClInclude>
    <ClInclude Include="Raven_Bot.h">
      <Filter>Game</Filter>
    </ClInclude>
    <ClInclude Include="Raven_Game.h">
      <Filter>Game</Filter>
    </ClInclude>
    <ClInclude Include="Raven_Map.h">
      <Filter>Game</Filter>
    </ClInclude>
    <ClInclude Include="resource.h">
      <Filter>Resource Files</Filter>
    </ClInclude>
    <ClInclude Include="goals\Goal_AdjustRange.h">
      <Filter>AI\goals\composite</Filter>
    </ClInclude>
    <ClInclude Include="goals\Goal_AttackTarget.h">
      <Filter>AI\goals\composite</Filter>
    </ClInclude>
    <ClInclude Include="..\Common\Goals\Goal_Composite.h">
      <Filter>AI\goals\composite</Filter>
    </ClInclude>
    <ClInclude Include="goals\Goal_Explore.h">
      <Filter>AI\goals\composite</Filter>
    </ClInclude>
    <ClInclude Include="goals\Goal_FollowPath.h">
      <Filter>AI\goals\composite</Filter>
    </ClInclude>
    <ClInclude Include="goals\Goal_GetItem.h">
      <Filter>AI\goals\composite</Filter>
    </ClInclude>
    <ClInclude Include="goals\Goal_HuntTarget.h">
      <Filter>AI\goals\composite</Filter>
    </ClInclude>
    <ClInclude Include="goals\Goal_MoveToPosition.h">
      <Filter>AI\goals\composite</Filter>
    </ClInclude>
    <ClInclude Include="goals\Goal_NegotiateDoor.h">
      <Filter>AI\goals\composite</Filter>
    </ClInclude>
    <ClInclude Include="goals\Goal_Think.h">
      <Filter>AI\goals\composite</Filter>
    </ClInclude>
    <ClInclude Include="goals\AttackTargetGoal_Evaluator.h">
      <Filter>AI\goals\goal evaluation</Filter>
    </ClInclude>
    <ClInclude Include="goals\ExploreGoal_Evaluator.h">
      <Filter>AI\goals\goal evaluation</Filter>
    </ClInclude>
    <ClInclude Include="goals\GetHealthGoal_Evaluator.h">
      <Filter>AI\goals\goal evaluation</Filter>
    </ClInclude>
    <ClInclude Include="goals\GetWeaponGoal_Evaluator.h">
      <Filter>AI\goals\goal evaluation</Filter>
    </ClInclude>
    <ClInclude Include="goals\Goal_Evaluator.h">
      <Filter>AI\goals\goal evaluation</Filter>
    </ClInclude>
    <ClInclude Include="goals\Raven_Feature.h">
      <Filter>AI\goals\goal evaluation</Filter>
    </ClInclude>
    <ClInclude Include="..\Common\Goals\Goal.h">
      <Filter>AI\goals\atomic</Filter>
    </ClInclude>
    <ClInclude Include="goals\Goal_DodgeSideToSide.h">
      <Filter>AI\goals\atomic</Filter>
    </ClInclude>
    <ClInclude Include="goals\Goal_SayPhrase.h">
      <Filter>AI\goals\atomic</Filter>
    </ClInclude>
    <ClInclude Include="goals\Goal_SeekToPosition.h">
      <Filter>AI\goals\atomic</Filter>
    </ClInclude>
    <ClInclude Include="goals\Goal_TraverseEdge.h">
      <Filter>AI\goals\atomic</Filter>
    </ClInclude>
    <ClInclude Include="goals\Goal_Wander.h">
      <Filter>AI\goals\atomic</Filter>
    </ClInclude>
    <ClInclude Include="goals\Raven_Goal_Types.h">
      <Filter>AI\goals</Filter>
    </ClInclude>
    <ClInclude Include="..\Common\fuzzy\FuzzySet.h">
      <Filter>AI\fuzzy logic\fuzzy set types</Filter>
    </ClInclude>
    <ClInclude Include="..\Common\fuzzy\FuzzySet_LeftShoulder.h">
      <Filter>AI\fuzzy logic\fuzzy set types</Filter>
    </ClInclude>
    <ClInclude Include="..\Common\fuzzy\FuzzySet_RightShoulder.h">
      <Filter>AI\fuzzy logic\fuzzy set types</Filter>
    </ClInclude>
    <ClInclude Include="..\Common\fuzzy\FuzzySet_Shoulder.h">
      <Filter>AI\fuzzy logic\fuzzy set types</Filter>
    </ClInclude>
    <ClInclude Include="..\Common\fuzzy\FuzzySet_Singleton.h">
      <Filter>AI\fuzzy logic\fuzzy set types</Filter>
    </ClInclude>
    <ClInclude Include="..\Common\fuzzy\FuzzySet_Triangle.h">
      <Filter>AI\fuzzy logic\fuzzy set types</Filter>
    </ClInclude>
    <ClInclude Include="..\Common\fuzzy\FuzzyHedges.h">
      <Filter>AI\fuzzy logic</Filter>
    </ClInclude>
    <ClInclude Include="..\Common\fuzzy\FuzzyModule.h">
      <Filter>AI\fuzzy logic</Filter>
    </ClInclude>
    <ClInclude Include="..\Common\fuzzy\FuzzyOperators.h">
      <Filter>AI\fuzzy logic</Filter>
    </ClInclude>
    <ClInclude Include="..\Common\fuzzy\FuzzyRule.h">
      <Filter>AI\fuzzy logic</Filter>
    </ClInclude>
    <ClInclude Include="..\Common\fuzzy\FuzzyTerm.h">
      <Filter>AI\fuzzy logic</Filter>
    </ClInclude>
    <ClInclude Include="..\Common\fuzzy\FuzzyVariable.h">
      <Filter>AI\fuzzy logic</Filter>
    </ClInclude>
    <ClInclude Include="..\Common\fuzzy\FzSet.h">
      <Filter>AI\fuzzy logic</Filter>
    </ClInclude>
    <ClInclude Include="..\Common\Graph\AStarHeuristicPolicies.h">
      <Filter>AI\Movement &amp; Navigation</Filter>
    </ClInclude>
    <ClInclude Include="..\Common\misc\CellSpacePartition.h">
      <Filter>AI\Movement &amp; Navigation</Filter>
    </ClInclude>
    <ClInclude Include="..\Common\Graph\GraphAlgorithms.h">
      <Filter>AI\Movement &amp; Navigation</Filter>
    </ClInclude>
    <ClInclude Include="..\Common\Graph\GraphEdgeTypes.h">
      <Filter>AI\Movement &amp; Navigation</Filter>
    </ClInclude>
    <ClInclude Include="..\Common\Graph\GraphNodeTypes.h">
      <Filter>AI\Movement &amp; Navigation</Filter>
    </ClInclude>
    <ClInclude Include="..\Common\Graph\HandyGraphFunctions.h">
      <Filter>AI\Movement &amp; Navigation</Filter>
    </ClInclude>
    <ClInclude Include="..\Common\Graph\NodeTypeEnumerations.h">
      <Filter>AI\Movement &amp; Navigation</Filter>
    </ClInclude>
    <ClInclude Include="navigation\PathEdge.h">
      <Filter>AI\Movement &amp; Navigation</Filter>
    </ClInclude>
    <ClInclude Include="navigation\PathManager.h">
      <Filter>AI\Movement &amp; Navigation</Filter>
    </ClInclude>
    <ClInclude Include="navigation\Raven_PathPlanner.h">
      <Filter>AI\Movement &amp; Navigation</Filter>
    </ClInclude>
    <ClInclude Include="Raven_SteeringBehaviors.h">
      <Filter>AI\Movement &amp; Navigation</Filter>
    </ClInclude>
    <ClInclude Include="navigation\SearchTerminationPolicies.h">
      <Filter>AI\Movement &amp; Navigation</Filter>
    </ClInclude>
    <ClInclude Include="..\Common\Graph\SparseGraph.h">
      <Filter>AI\Movement &amp; Navigation</Filter>
    </ClInclude>
    <ClInclude Include="navigation\TimeSlicedGraphAlgorithms.h">
      <Filter>AI\Movement &amp; Navigation</Filter>
    </ClInclude>
    <ClInclude Include="..\Common\Messaging\MessageDispatcher.h">
      <Filter>AI\Messaging</Filter>
    </ClInclude>
    <ClInclude Include="Raven_Messages.h">
      <Filter>AI\Messaging</Filter>
    </ClInclude>
    <ClInclude Include="..\Common\Messaging\Telegram.h">
      <Filter>AI\Messaging</Filter>
    </ClInclude>
    <ClInclude Include="Raven_SensoryMemory.h">
      <Filter>AI\Sensory Memory</Filter>
    </ClInclude>
    <ClInclude Include="..\Common\Triggers\Trigger.h">
      <Filter>AI\Triggers</Filter>
    </ClInclude>
    <ClInclude Include="triggers\Trigger_HealthGiver.h">
      <Filter>AI\Triggers</Filter>
    </ClInclude>
    <ClInclude Include="..\Common\Triggers\Trigger_LimitedLifeTime.h">
      <Filter>AI\Triggers</Filter>
    </ClInclude>
    <ClInclude Include="triggers\Trigger_OnButtonSendMsg.h">
      <Filter>AI\Triggers</Filter>
    </ClInclude>
    <ClInclude Include="..\Common\Triggers\Trigger_ReSpawning.h">
      <Filter>AI\Triggers</Filter>
    </ClInclude>
    <ClInclude Include="triggers\Trigger_SoundNotify.h">
      <Filter>AI\Triggers</Filter>
    </ClInclude>
    <ClInclude Include="triggers\Trigger_WeaponGiver.h">
      <Filter>AI\Triggers</Filter>
    </ClInclude>
    <ClInclude Include="..\Common\Triggers\TriggerRegion.h">
      <Filter>AI\Triggers</Filter>
    </ClInclude>
    <ClInclude Include="..\Common\Triggers\TriggerSystem.h">
      <Filter>AI\Triggers</Filter>
    </ClInclude>
    <ClInclude Include="Raven_WeaponSystem.h">
      <Filter>AI\Weapon Handling</Filter>
    </ClInclude>
    <ClInclude Include="Raven_TargetingSystem.h">
      <Filter>AI\Target Selection</Filter>
    </ClInclude>
    <ClInclude Include="..\Common\2D\C2DMatrix.h">
      <Filter>Common</Filter>
    </ClInclude>
    <ClInclude Include="..\Common\misc\Cgdi.h">
      <Filter>Common</Filter>
    </ClInclude>
    <ClInclude Include="..\Common\Time\CrudeTimer.h">
      <Filter>Common</Filter>
    </ClInclude>
    <ClInclude Include="..\Common\Debug\DebugConsole.h">
      <Filter>Common</Filter>
    </ClInclude>
    <ClInclude Include="..\Common\misc\FrameCounter.h">
      <Filter>Common</Filter>
    </ClInclude>
    <ClInclude Include="..\Common\2D\geometry.h">
      <Filter>Common</Filter>
    </ClInclude>
    <ClInclude Include="..\Common\2D\InvertedAABBox2D.h">
      <Filter>Common</Filter>
    </ClInclude>
    <ClInclude Include="..\Common\Time\PrecisionTimer.h">
      <Filter>Common</Filter>
    </ClInclude>
    <ClInclude Include="..\Common\misc\PriorityQueue.h">
      <Filter>Common</Filter>
    </ClInclude>
    <ClInclude Include="..\Common\PriorityQueue.h">
      <Filter>Common</Filter>
    </ClInclude>
    <ClInclude Include="..\Common\Time\Regulator.h">
      <Filter>Common</Filter>
    </ClInclude>
    <ClInclude Include="..\Common\misc\Stream_Utility_Functions.h">
      <Filter>Common</Filter>
    </ClInclude>
    <ClInclude Include="..\Common\2D\Transformations.h">
      <Filter>Common</Filter>
    </ClInclude>
    <ClInclude Include="..\Common\misc\utils.h">
      <Filter>Common</Filter>
    </ClInclude>
    <ClInclude Include="..\Common\2D\Vector2D.h">
      <Filter>Common</Filter>
    </ClInclude>
    <ClInclude Include="..\Common\2D\Wall2D.h">
      <Filter>Common</Filter>
    </ClInclude>
    <ClInclude Include="..\Common\2D\WallIntersectionTests.h">
      <Filter>Common</Filter>
    </ClInclude>
    <ClInclude Include="..\Common\misc\WindowUtils.h">
      <Filter>Common</Filter>
    </ClInclude>
  </ItemGroup>
  <ItemGroup>
    <Text Include="note.txt">
      <Filter>Resource Files</Filter>
    </Text>
  </ItemGroup>
  <ItemGroup>
    <ResourceCompile Include="Script1.rc">
      <Filter>Resource Files</Filter>
    </ResourceCompile>
  </ItemGroup>
  <ItemGroup>
    <CustomBuild Include="Params.lua">
      <Filter>Game\Script related</Filter>
    </CustomBuild>
    <CustomBuild Include="maps\Raven_DM1.map">
      <Filter>Resource Files\maps</Filter>
    </CustomBuild>
    <CustomBuild Include="maps\Raven_DM1_Doors.map">
      <Filter>Resource Files\maps</Filter>
    </CustomBuild>
  </ItemGroup>
</Project>